
Microsoft Visual Studio Solution File, Format Version 12.00
# Visual Studio Version 16
VisualStudioVersion = 16.0.31129.286
MinimumVisualStudioVersion = 10.0.40219.1
Project("{FAE04EC0-301F-11D3-BF4B-00C04F79EFBC}") = "Aluno", "Aluno\Aluno.csproj", "{C596AF63-749B-49BF-B5CF-188075BAD74D}"
EndProject
Global
	GlobalSection(SolutionConfigurationPlatforms) = preSolution
		Debug|Any CPU = Debug|Any CPU
		Release|Any CPU = Release|Any CPU
	EndGlobalSection
	GlobalSection(ProjectConfigurationPlatforms) = postSolution
		{C596AF63-749B-49BF-B5CF-188075BAD74D}.Debug|Any CPU.ActiveCfg = Debug|Any CPU
		{C596AF63-749B-49BF-B5CF-188075BAD74D}.Debug|Any CPU.Build.0 = Debug|Any CPU
		{C596AF63-749B-49BF-B5CF-188075BAD74D}.Release|Any CPU.ActiveCfg = Release|Any CPU
		{C596AF63-749B-49BF-B5CF-188075BAD74D}.Release|Any CPU.Build.0 = Release|Any CPU
	EndGlobalSection
	GlobalSection(SolutionProperties) = preSolution
		HideSolutionNode = FALSE
	EndGlobalSection
	GlobalSection(ExtensibilityGlobals) = postSolution
		SolutionGuid = {3FCC13AD-DEBC-4232-B012-0462A93FFAE5}
	EndGlobalSection
EndGlobal
